
Microsoft Visual Studio Solution File, Format Version 12.00
# Visual Studio Version 17
VisualStudioVersion = 17.8.34330.188
MinimumVisualStudioVersion = 10.0.40219.1
Project("{9A19103F-16F7-4668-BE54-9A1E7A4F7556}") = "BusinessObjects", "BusinessObjects\BusinessObjects.csproj", "{1A0D9C61-EF36-4787-908B-60102BD056AF}"
EndProject
Project("{9A19103F-16F7-4668-BE54-9A1E7A4F7556}") = "DataAccessObjects", "DataAccessObjects\DataAccessObjects.csproj", "{0DAE01D4-2745-4201-A156-1AC547146F87}"
	ProjectSection(ProjectDependencies) = postProject
		{1A0D9C61-EF36-4787-908B-60102BD056AF} = {1A0D9C61-EF36-4787-908B-60102BD056AF}
	EndProjectSection
EndProject
Project("{9A19103F-16F7-4668-BE54-9A1E7A4F7556}") = "Repositories", "Repositories\Repositories.csproj", "{836EC185-C757-48CD-9819-E244B65F27B7}"
	ProjectSection(ProjectDependencies) = postProject
		{0DAE01D4-2745-4201-A156-1AC547146F87} = {0DAE01D4-2745-4201-A156-1AC547146F87}
		{1A0D9C61-EF36-4787-908B-60102BD056AF} = {1A0D9C61-EF36-4787-908B-60102BD056AF}
	EndProjectSection
EndProject
Project("{9A19103F-16F7-4668-BE54-9A1E7A4F7556}") = "Services", "Services\Services.csproj", "{9A980156-DBD0-4866-8BA4-05B0E8FC8AB3}"
	ProjectSection(ProjectDependencies) = postProject
		{1A0D9C61-EF36-4787-908B-60102BD056AF} = {1A0D9C61-EF36-4787-908B-60102BD056AF}
		{836EC185-C757-48CD-9819-E244B65F27B7} = {836EC185-C757-48CD-9819-E244B65F27B7}
	EndProjectSection
EndProject
Project("{FAE04EC0-301F-11D3-BF4B-00C04F79EFBC}") = "FuNewsManagement", "FuNewsManagement\FuNewsManagement.csproj", "{BDBFACBC-C35D-4B7D-9154-2363972C04FE}"
EndProject
Global
	GlobalSection(SolutionConfigurationPlatforms) = preSolution
		Debug|Any CPU = Debug|Any CPU
		Release|Any CPU = Release|Any CPU
	EndGlobalSection
	GlobalSection(ProjectConfigurationPlatforms) = postSolution
		{1A0D9C61-EF36-4787-908B-60102BD056AF}.Debug|Any CPU.ActiveCfg = Debug|Any CPU
		{1A0D9C61-EF36-4787-908B-60102BD056AF}.Debug|Any CPU.Build.0 = Debug|Any CPU
		{1A0D9C61-EF36-4787-908B-60102BD056AF}.Release|Any CPU.ActiveCfg = Release|Any CPU
		{1A0D9C61-EF36-4787-908B-60102BD056AF}.Release|Any CPU.Build.0 = Release|Any CPU
		{0DAE01D4-2745-4201-A156-1AC547146F87}.Debug|Any CPU.ActiveCfg = Debug|Any CPU
		{0DAE01D4-2745-4201-A156-1AC547146F87}.Debug|Any CPU.Build.0 = Debug|Any CPU
		{0DAE01D4-2745-4201-A156-1AC547146F87}.Release|Any CPU.ActiveCfg = Release|Any CPU
		{0DAE01D4-2745-4201-A156-1AC547146F87}.Release|Any CPU.Build.0 = Release|Any CPU
		{836EC185-C757-48CD-9819-E244B65F27B7}.Debug|Any CPU.ActiveCfg = Debug|Any CPU
		{836EC185-C757-48CD-9819-E244B65F27B7}.Debug|Any CPU.Build.0 = Debug|Any CPU
		{836EC185-C757-48CD-9819-E244B65F27B7}.Release|Any CPU.ActiveCfg = Release|Any CPU
		{836EC185-C757-48CD-9819-E244B65F27B7}.Release|Any CPU.Build.0 = Release|Any CPU
		{9A980156-DBD0-4866-8BA4-05B0E8FC8AB3}.Debug|Any CPU.ActiveCfg = Debug|Any CPU
		{9A980156-DBD0-4866-8BA4-05B0E8FC8AB3}.Debug|Any CPU.Build.0 = Debug|Any CPU
		{9A980156-DBD0-4866-8BA4-05B0E8FC8AB3}.Release|Any CPU.ActiveCfg = Release|Any CPU
		{9A980156-DBD0-4866-8BA4-05B0E8FC8AB3}.Release|Any CPU.Build.0 = Release|Any CPU
		{BDBFACBC-C35D-4B7D-9154-2363972C04FE}.Debug|Any CPU.ActiveCfg = Debug|Any CPU
		{BDBFACBC-C35D-4B7D-9154-2363972C04FE}.Debug|Any CPU.Build.0 = Debug|Any CPU
		{BDBFACBC-C35D-4B7D-9154-2363972C04FE}.Release|Any CPU.ActiveCfg = Release|Any CPU
		{BDBFACBC-C35D-4B7D-9154-2363972C04FE}.Release|Any CPU.Build.0 = Release|Any CPU
	EndGlobalSection
	GlobalSection(SolutionProperties) = preSolution
		HideSolutionNode = FALSE
	EndGlobalSection
	GlobalSection(ExtensibilityGlobals) = postSolution
		SolutionGuid = {F37C1215-67D0-4034-9B2B-7BD4A72369D2}
	EndGlobalSection
EndGlobal
